
Microsoft Visual Studio Solution File, Format Version 12.00
# Visual Studio Version 17
VisualStudioVersion = 17.0.31717.71
MinimumVisualStudioVersion = 10.0.40219.1
Project("{9A19103F-16F7-4668-BE54-9A1E7A4F7556}") = "qotd-csharp", "qotd-csharp.csproj", "{AB5DE854-6A7D-417A-AD08-45A45686997F}"
EndProject
Global
	GlobalSection(SolutionConfigurationPlatforms) = preSolution
		Debug|Any CPU = Debug|Any CPU
		Release|Any CPU = Release|Any CPU
	EndGlobalSection
	GlobalSection(ProjectConfigurationPlatforms) = postSolution
		{AB5DE854-6A7D-417A-AD08-45A45686997F}.Debug|Any CPU.ActiveCfg = Debug|Any CPU
		{AB5DE854-6A7D-417A-AD08-45A45686997F}.Debug|Any CPU.Build.0 = Debug|Any CPU
		{AB5DE854-6A7D-417A-AD08-45A45686997F}.Release|Any CPU.ActiveCfg = Release|Any CPU
		{AB5DE854-6A7D-417A-AD08-45A45686997F}.Release|Any CPU.Build.0 = Release|Any CPU
	EndGlobalSection
	GlobalSection(SolutionProperties) = preSolution
		HideSolutionNode = FALSE
	EndGlobalSection
	GlobalSection(ExtensibilityGlobals) = postSolution
		SolutionGuid = {FD6E0055-45B0-413A-8BF2-4D57C9A18345}
	EndGlobalSection
EndGlobal
